
Microsoft Visual Studio Solution File, Format Version 12.00
# Visual Studio Version 17
VisualStudioVersion = 17.14.36301.6 d17.14
MinimumVisualStudioVersion = 10.0.40219.1
Project("{FAE04EC0-301F-11D3-BF4B-00C04F79EFBC}") = "Custom_Axis_Labels", "Custom_Axis_Labels\Custom_Axis_Labels.csproj", "{2A3A24B2-C39F-4A7C-8097-2D5223C8B153}"
EndProject
Global
	GlobalSection(SolutionConfigurationPlatforms) = preSolution
		Debug|ARM64 = Debug|ARM64
		Debug|x64 = Debug|x64
		Debug|x86 = Debug|x86
		Release|ARM64 = Release|ARM64
		Release|x64 = Release|x64
		Release|x86 = Release|x86
	EndGlobalSection
	GlobalSection(ProjectConfigurationPlatforms) = postSolution
		{2A3A24B2-C39F-4A7C-8097-2D5223C8B153}.Debug|ARM64.ActiveCfg = Debug|ARM64
		{2A3A24B2-C39F-4A7C-8097-2D5223C8B153}.Debug|ARM64.Build.0 = Debug|ARM64
		{2A3A24B2-C39F-4A7C-8097-2D5223C8B153}.Debug|ARM64.Deploy.0 = Debug|ARM64
		{2A3A24B2-C39F-4A7C-8097-2D5223C8B153}.Debug|x64.ActiveCfg = Debug|x64
		{2A3A24B2-C39F-4A7C-8097-2D5223C8B153}.Debug|x64.Build.0 = Debug|x64
		{2A3A24B2-C39F-4A7C-8097-2D5223C8B153}.Debug|x64.Deploy.0 = Debug|x64
		{2A3A24B2-C39F-4A7C-8097-2D5223C8B153}.Debug|x86.ActiveCfg = Debug|x86
		{2A3A24B2-C39F-4A7C-8097-2D5223C8B153}.Debug|x86.Build.0 = Debug|x86
		{2A3A24B2-C39F-4A7C-8097-2D5223C8B153}.Debug|x86.Deploy.0 = Debug|x86
		{2A3A24B2-C39F-4A7C-8097-2D5223C8B153}.Release|ARM64.ActiveCfg = Release|ARM64
		{2A3A24B2-C39F-4A7C-8097-2D5223C8B153}.Release|ARM64.Build.0 = Release|ARM64
		{2A3A24B2-C39F-4A7C-8097-2D5223C8B153}.Release|ARM64.Deploy.0 = Release|ARM64
		{2A3A24B2-C39F-4A7C-8097-2D5223C8B153}.Release|x64.ActiveCfg = Release|x64
		{2A3A24B2-C39F-4A7C-8097-2D5223C8B153}.Release|x64.Build.0 = Release|x64
		{2A3A24B2-C39F-4A7C-8097-2D5223C8B153}.Release|x64.Deploy.0 = Release|x64
		{2A3A24B2-C39F-4A7C-8097-2D5223C8B153}.Release|x86.ActiveCfg = Release|x86
		{2A3A24B2-C39F-4A7C-8097-2D5223C8B153}.Release|x86.Build.0 = Release|x86
		{2A3A24B2-C39F-4A7C-8097-2D5223C8B153}.Release|x86.Deploy.0 = Release|x86
	EndGlobalSection
	GlobalSection(SolutionProperties) = preSolution
		HideSolutionNode = FALSE
	EndGlobalSection
	GlobalSection(ExtensibilityGlobals) = postSolution
		SolutionGuid = {D8C3CC3B-B18E-43C1-8640-30FAD2352660}
	EndGlobalSection
EndGlobal
